
Microsoft Visual Studio Solution File, Format Version 12.00
# Visual Studio Version 17
VisualStudioVersion = 17.1.32228.430
MinimumVisualStudioVersion = 10.0.40219.1
Project("{FAE04EC0-301F-11D3-BF4B-00C04F79EFBC}") = "Act4_Disconnected", "Act4_Disconnected\Act4_Disconnected.csproj", "{DAD2592A-ABAE-45FB-B64A-7E51490B8097}"
EndProject
Global
	GlobalSection(SolutionConfigurationPlatforms) = preSolution
		Debug|Any CPU = Debug|Any CPU
		Release|Any CPU = Release|Any CPU
	EndGlobalSection
	GlobalSection(ProjectConfigurationPlatforms) = postSolution
		{DAD2592A-ABAE-45FB-B64A-7E51490B8097}.Debug|Any CPU.ActiveCfg = Debug|Any CPU
		{DAD2592A-ABAE-45FB-B64A-7E51490B8097}.Debug|Any CPU.Build.0 = Debug|Any CPU
		{DAD2592A-ABAE-45FB-B64A-7E51490B8097}.Release|Any CPU.ActiveCfg = Release|Any CPU
		{DAD2592A-ABAE-45FB-B64A-7E51490B8097}.Release|Any CPU.Build.0 = Release|Any CPU
	EndGlobalSection
	GlobalSection(SolutionProperties) = preSolution
		HideSolutionNode = FALSE
	EndGlobalSection
	GlobalSection(ExtensibilityGlobals) = postSolution
		SolutionGuid = {DDF70366-E268-45DA-8C3C-447967B08526}
	EndGlobalSection
EndGlobal
